# This file is autogenerated, do not edit; changes may be undone by the next 'dep ensure'.


[[projects]]
  branch = "master"
  digest = "1:093bf93a65962e8191e3e8cd8fc6c363f83d43caca9739c906531ba7210a9904"
  name = "github.com/btcsuite/btcd"
  packages = ["btcec"]
  pruneopts = "UT"
  revision = "306aecffea325e97f513b3ff0cf7895a5310651d"

[[projects]]
  digest = "1:0ef770954bca104ee99b3b6b7f9b240605ac03517d9f98cbc1893daa03f3c038"
  name = "github.com/coreos/go-semver"
  packages = ["semver"]
  pruneopts = "UT"
  revision = "8ab6407b697782a06568d4b7f1db25550ec2e4c6"
  version = "v0.2.0"

[[projects]]
  digest = "1:d1341a04a4443bba8c8af76ec6c3960206074490a1284b4853ff5a88a66c63b7"
  name = "github.com/fd/go-nat"
  packages = ["."]
  pruneopts = "UT"
  revision = "bad65a492f32121a87197f4a085905c35e2a367e"
  version = "v1.0.0"

[[projects]]
  digest = "1:760b2447d30444b6c2da7f77b677921f095fe19e6ed423b2edc1cd47a8507789"
  name = "github.com/gogo/protobuf"
  packages = [
    "io",
    "proto",
  ]
  pruneopts = "UT"
  revision = "ba06b47c162d49f2af050fb4c75bcbc86a159d5c"
  version = "v1.2.1"

[[projects]]
  digest = "1:236d7e1bdb50d8f68559af37dbcf9d142d56b431c9b2176d41e2a009b664cda8"
  name = "github.com/google/uuid"
  packages = ["."]
  pruneopts = "UT"
  revision = "9b3b1e0f5f99ae461456d768e7d301a7acdaa2d8"
  version = "v1.1.0"

[[projects]]
  digest = "1:7b5c6e2eeaa9ae5907c391a91c132abfd5c9e8a784a341b5625e750c67e6825d"
  name = "github.com/gorilla/websocket"
  packages = ["."]
  pruneopts = "UT"
  revision = "66b9c49e59c6c48f0ffce28c2d8b8a5678502c6d"
  version = "v1.4.0"

[[projects]]
  digest = "1:43c609cba7aa615eaae5aa8f2ddba65dc1b2d3af7bc434f738238df8d3797ddb"
  name = "github.com/gxed/hashland"
  packages = [
    "keccakpg",
    "murmur3",
  ]
  pruneopts = "UT"
  revision = "a72cc0875a1e95edd309d3134bc7c11bf2d7360b"
  version = "v0.0.1"

[[projects]]
  digest = "1:c00cc6d95a674b4b923ac069d364445043bc67836e9bd8aeff8440cfbe6a2cc7"
  name = "github.com/huin/goupnp"
  packages = [
    ".",
    "dcps/internetgateway1",
    "dcps/internetgateway2",
    "httpu",
    "scpd",
    "soap",
    "ssdp",
  ]
  pruneopts = "UT"
  revision = "656e61dfadd241c7cbdd22a023fa81ecb6860ea8"
  version = "v1.0.0"

[[projects]]
  digest = "1:9999472bf9c934426d967c507d61f2de84affb8318b8d8c8bc38b3486edbd826"
  name = "github.com/ipfs/go-cid"
  packages = ["."]
  pruneopts = "UT"
  revision = "6e296c5c49ad84dc6a44af69fa1fe4e1245cd0cf"
  version = "v0.9.0"

[[projects]]
  digest = "1:aae82c244bd91107575a0244a29e82e34ba23e06b6892557e33728de48deba96"
  name = "github.com/ipfs/go-ipfs-util"
  packages = ["."]
  pruneopts = "UT"
  revision = "10d786c5ed859afd22223df76a89bf57b24b2ee1"
  version = "v1.2.8"

[[projects]]
  digest = "1:43248b562ac2508990699768e9e0c3d8073c2d0081a5f2dbdc5efd727d9ed426"
  name = "github.com/ipfs/go-log"
  packages = [
    ".",
    "tracer",
    "tracer/wire",
    "writer",
  ]
  pruneopts = "UT"
  revision = "14e95105cbafcda64fdc36197fe6a30b23c693dc"
  version = "v1.5.7"

[[projects]]
  digest = "1:b352ae8b1a77cc6b48fc8e314e34a522cfc76d6ca3a06c93b29c9cde5de6771e"
  name = "github.com/jackpal/gateway"
  packages = ["."]
  pruneopts = "UT"
  revision = "cbcf4e3f3baee7952fc386c8b2534af4d267c875"
  version = "v1.0.5"

[[projects]]
  digest = "1:32b82e71cf24f8b78323e0d7903c4b90278486283965aa2a19b1ea13763b8f34"
  name = "github.com/jackpal/go-nat-pmp"
  packages = ["."]
  pruneopts = "UT"
  revision = "c9cfead9f2a36ddf3daa40ba269aa7f4bbba6b62"
  version = "v1.0.1"

[[projects]]
  branch = "master"
  digest = "1:8f4aedc183dc8dfef9a7a1f1ba205dc87ecd2675eea350a736bda889e3bcf8ea"
  name = "github.com/jbenet/go-temp-err-catcher"
  packages = ["."]
  pruneopts = "UT"
  revision = "aac704a3f4f27190b4ccc05f303a4931fd1241ff"

[[projects]]
  branch = "master"
  digest = "1:a2a82ac6d7f2ab5966591f95612e3ecd9afed66051189e06876a29ed3744a3ea"
  name = "github.com/jbenet/goprocess"
  packages = [
    ".",
    "context",
    "periodic",
    "ratelimit",
  ]
  pruneopts = "UT"
  revision = "b497e2f366b8624394fb2e89c10ab607bebdde0b"

[[projects]]
  branch = "master"
  digest = "1:97613a19915f1f80e520e9d2e3b2b233e403bbed90a4e4b0f870bf758510f1ce"
  name = "github.com/libp2p/go-addr-util"
  packages = ["."]
  pruneopts = "UT"
  revision = "73d4c93d8ab2cfebc0da96b04438693286340daf"

[[projects]]
  branch = "master"
  digest = "1:985735879766d3a8d527042aedd9750fa0c77e2a1b77358e6ef1c84d4f455f8a"
  name = "github.com/libp2p/go-buffer-pool"
  packages = ["."]
  pruneopts = "UT"
  revision = "a8d831235797607f736331e5f8c702e92550fb7b"

[[projects]]
  branch = "master"
  digest = "1:daced3c078b0d6647f09bd8cd32079f71c43eba9091ead09ff6d6ccb50574522"
  name = "github.com/libp2p/go-conn-security"
  packages = [
    ".",
    "insecure",
  ]
  pruneopts = "UT"
  revision = "3e30d86de3d7ded418e57afa91e9af41aa667d36"

[[projects]]
  branch = "master"
  digest = "1:cd7e445a0adc07d74ed2b8f91c4e24cfea4efdf901d5cbe5702103c211ad55b4"
  name = "github.com/libp2p/go-conn-security-multistream"
  packages = ["."]
  pruneopts = "UT"
  revision = "199bde7312d5a5c3c99b6663a1690a63a6cbd836"

[[projects]]
  branch = "master"
  digest = "1:9f2e871b33e57a706e8c1e2bc03220f4015c5462327c7f59ca93613e78970ebd"
  name = "github.com/libp2p/go-flow-metrics"
  packages = ["."]
  pruneopts = "UT"
  revision = "7e5a55af485341567f98d6847a373eb5ddcdcd43"

[[projects]]
  branch = "master"
  digest = "1:19ea764abb26e6fe462dbb0f5311a37380e457357faaed25809856f5d642fccb"
  name = "github.com/libp2p/go-libp2p"
  packages = [
    ".",
    "config",
    "p2p/host/basic",
    "p2p/host/relay",
    "p2p/host/routed",
    "p2p/protocol/identify",
    "p2p/protocol/identify/pb",
    "p2p/protocol/ping",
  ]
  pruneopts = "UT"
  revision = "695d0ce801951bcb81dc68664d6a2bd2a8c09e13"

[[projects]]
  branch = "master"
  digest = "1:8a4307cb902876329d37e7a414291b7cb7061224e837256eebcf6ceb7cef64ac"
  name = "github.com/libp2p/go-libp2p-autonat"
  packages = [
    ".",
    "pb",
  ]
  pruneopts = "UT"
  revision = "842b9c4919f5be0df3baee15b0f97e493f6d3fb2"

[[projects]]
  branch = "master"
  digest = "1:8da6113daa1d2a726d67cf8de69f45dee763e92f9898e00df421ff849c943665"
  name = "github.com/libp2p/go-libp2p-circuit"
  packages = [
    ".",
    "pb",
  ]
  pruneopts = "UT"
  revision = "646688e9f8abdb9de9e71a837a3b087cab44bdcb"

[[projects]]
  branch = "master"
  digest = "1:a47741f99c372afbd8acad6ce372bd021100d7c41ae9207b4aa15a0a0cfc3595"
  name = "github.com/libp2p/go-libp2p-crypto"
  packages = [
    ".",
    "pb",
  ]
  pruneopts = "UT"
  revision = "e333f2201582e62b9f86d559aa9daa4ae3f41bec"

[[projects]]
  branch = "master"
  digest = "1:22f8708102f4ef7f4e49fa496daf4b902d252672c08a8d3dab269af13cd54032"
  name = "github.com/libp2p/go-libp2p-discovery"
  packages = ["."]
  pruneopts = "UT"
  revision = "5e0d40c7c8803e06c9eebe6dd3a0525a1d774a82"

[[projects]]
  branch = "master"
  digest = "1:0eeb228e543e12f7e6abdd62fe276f9f0da357751fc34e6e5f7911fe19f107eb"
  name = "github.com/libp2p/go-libp2p-host"
  packages = ["."]
  pruneopts = "UT"
  revision = "1a71c422ef2810530b32455426f1f92d81ece84c"

[[projects]]
  branch = "master"
  digest = "1:f598c9e5548bbdd46b422d01a9c6ca06a1332becd3c87b2c909ee0dbcba74efc"
  name = "github.com/libp2p/go-libp2p-interface-connmgr"
  packages = ["."]
  pruneopts = "UT"
  revision = "c8552ddb959e1ba3b1ba14c976335f968f46ebf9"

[[projects]]
  branch = "master"
  digest = "1:2be462b217ec4aace62cec2ab9fa1258791f7177534716e1cf67e0dbfe5a486a"
  name = "github.com/libp2p/go-libp2p-interface-pnet"
  packages = ["."]
  pruneopts = "UT"
  revision = "d240acf619f63dfb776821a1d4d28a918f77edd5"

[[projects]]
  branch = "master"
  digest = "1:d47bd0af62fb2cb0fa6a1635bd1a7c3d3c08b8d7bc2242e0fd2c5caa2d6737d6"
  name = "github.com/libp2p/go-libp2p-loggables"
  packages = ["."]
  pruneopts = "UT"
  revision = "5b80b7ea4ee3f40a73cf09ea971038a1b597b6bc"

[[projects]]
  branch = "master"
  digest = "1:7eb45d267fae224ef6197508f977c0f622d4485f9e8da5184ab54a652b81d65a"
  name = "github.com/libp2p/go-libp2p-metrics"
  packages = ["."]
  pruneopts = "UT"
  revision = "eb0033e81c5ef7b2609df5875af64a8a1bd54b74"

[[projects]]
  branch = "master"
  digest = "1:6f1537bedac840bb7a428bcd27f6cbdf505c98da890cc1402bce06280dabec92"
  name = "github.com/libp2p/go-libp2p-nat"
  packages = ["."]
  pruneopts = "UT"
  revision = "a304452f6e87cb80430babce35f74ded88be8853"

[[projects]]
  branch = "master"
  digest = "1:21700b28ba551cb0ffdd476602afc7806a3bb4b81b2e563ef5f98f0ee9966748"
  name = "github.com/libp2p/go-libp2p-net"
  packages = ["."]
  pruneopts = "UT"
  revision = "e37f4ea19d2fbc02892d60ded53ad23a86578509"

[[projects]]
  branch = "master"
  digest = "1:23b04b46279431d9558043f1f77f3213f4228628da2f429ba705cf084871ce83"
  name = "github.com/libp2p/go-libp2p-peer"
  packages = ["."]
  pruneopts = "UT"
  revision = "9b0c59cc3369e1302b45f9861970356c223a858e"

[[projects]]
  branch = "master"
  digest = "1:a2f60590d96a9421a2f964c3e02634d7e060f2ba4b95aa8a0e0f62f7e631d53c"
  name = "github.com/libp2p/go-libp2p-peerstore"
  packages = [
    ".",
    "addr",
    "pstoremem",
  ]
  pruneopts = "UT"
  revision = "c123410c6409c806aa259b26e5c978ff482d582b"

[[projects]]
  branch = "master"
  digest = "1:712550fb4bfcc85feb396d49b35b89e31cc0b001871e80f8fb90b4a50686ed11"
  name = "github.com/libp2p/go-libp2p-protocol"
  packages = ["."]
  pruneopts = "UT"
  revision = "b29f3d97e3a2fb8b29c5d04290e6cb5c5018004b"

[[projects]]
  branch = "master"
  digest = "1:106912badb407bd2563105aabc102c8f5d20535722e066c2554850d13339e17e"
  name = "github.com/libp2p/go-libp2p-routing"
  packages = [
    ".",
    "options",
  ]
  pruneopts = "UT"
  revision = "330243f4314893c62db38d05d6752e0a8579ed80"

[[projects]]
  branch = "master"
  digest = "1:eee4235e6d6b62d36d29824e1b11a248a1d824e23ef68d501d42da0ca7d7573a"
  name = "github.com/libp2p/go-libp2p-secio"
  packages = [
    ".",
    "pb",
  ]
  pruneopts = "UT"
  revision = "38f90b017ad167cb9ce84267b826fe9d3c801bad"

[[projects]]
  branch = "master"
  digest = "1:5ff5707c9eb5c63242c14154b2e65638d754b61d2f74ab9ae6082a73ac377d8a"
  name = "github.com/libp2p/go-libp2p-swarm"
  packages = ["."]
  pruneopts = "UT"
  revision = "7a03ca822298635374de4ec9334436e2c858be99"

[[projects]]
  branch = "master"
  digest = "1:9b2e57a33d810768585fbe0b7fb163357ee22b516595675e37e6638eb56058cb"
  name = "github.com/libp2p/go-libp2p-transport"
  packages = ["."]
  pruneopts = "UT"
  revision = "d2bc1c17e0285d61493fabc8ca8b573d2ee0665f"

[[projects]]
  branch = "master"
  digest = "1:8eea3ce4352137722b79f8c1db6a3d51db8e4fc160233e2b38e61c334ec3cb29"
  name = "github.com/libp2p/go-libp2p-transport-upgrader"
  packages = ["."]
  pruneopts = "UT"
  revision = "68cf0192f1d454f0ca409ccea450f220b433d5c6"

[[projects]]
  branch = "master"
  digest = "1:231b775bbeea82b2554f39d9c6cca9395fbcd393eae66bea4d75113ab812877a"
  name = "github.com/libp2p/go-maddr-filter"
  packages = ["."]
  pruneopts = "UT"
  revision = "666a1351c131174d1d4686d4bb2b2b48c87fd1fa"

[[projects]]
  branch = "master"
  digest = "1:fcfab306592b8845fefc60c2eec7595a87df53e4b8180a1d4fb8dc35b0942464"
  name = "github.com/libp2p/go-mplex"
  packages = ["."]
  pruneopts = "UT"
  revision = "8ac902b6abdf9f65dbb520de1c9bde952da98469"

[[projects]]
  branch = "master"
  digest = "1:a9612e66bd03cd977faee05716e4bfb3af91664ea4486f52a1f1d7894712f9c8"
  name = "github.com/libp2p/go-msgio"
  packages = ["."]
  pruneopts = "UT"
  revision = "f8aaa1f70c8b4d3bff511251db3d8fbac7ce2839"

[[projects]]
  branch = "master"
  digest = "1:d56002514691403311c7c3c5b8d8b4611364a2d5e55272d9215ccd3ce27cc0a4"
  name = "github.com/libp2p/go-reuseport"
  packages = ["."]
  pruneopts = "UT"
  revision = "6a75ffd916e5e70a5231da13d63ee5bba1109742"

[[projects]]
  branch = "master"
  digest = "1:fa535cf250af638fa3d857de9855af86abba1654c89c3fbece6b3735d6479ed7"
  name = "github.com/libp2p/go-reuseport-transport"
  packages = ["."]
  pruneopts = "UT"
  revision = "7c623f705b2b7639b091d045d7ea1f973e24c5c0"

[[projects]]
  branch = "master"
  digest = "1:6795802293b12622957bf79285f3bd0f794f150d94b67569a2b74579f8018190"
  name = "github.com/libp2p/go-stream-muxer"
  packages = ["."]
  pruneopts = "UT"
  revision = "a3f82916c8ad4fb33755ab42eea6e03f8d754839"

[[projects]]
  branch = "master"
  digest = "1:8325dc2483e88a225187f3279374ee17e4c09a4a1c397fcbebca2aac98352d07"
  name = "github.com/libp2p/go-tcp-transport"
  packages = ["."]
  pruneopts = "UT"
  revision = "ddf3e5c50ef07635f5b011712938f21ec44d6caa"

[[projects]]
  branch = "master"
  digest = "1:9ad4f1052af0ed959def80032893d09d2dea06977c7d81de22cec75179166383"
  name = "github.com/libp2p/go-ws-transport"
  packages = ["."]
  pruneopts = "UT"
  revision = "ebb07cb6e3ab3604a8805c23399106e5f7e03051"

[[projects]]
  digest = "1:2fa7b0155cd54479a755c629de26f888a918e13f8857a2c442205d825368e084"
  name = "github.com/mattn/go-colorable"
  packages = ["."]
  pruneopts = "UT"
  revision = "3a70a971f94a22f2fa562ffcc7a0eb45f5daf045"
  version = "v0.1.1"

[[projects]]
  digest = "1:3bb9c8451d199650bfd303e0068d86f135952fead374ad87c09a9b8a2cc4bd7c"
  name = "github.com/mattn/go-isatty"
  packages = ["."]
  pruneopts = "UT"
  revision = "369ecd8cea9851e459abb67eb171853e3986591e"
  version = "v0.0.6"

[[projects]]
  branch = "master"
  digest = "1:130cefe87d7eeefc824978dcb78e35672d4c49a11f25c153fbf0cfd952756fa3"
  name = "github.com/minio/blake2b-simd"
  packages = ["."]
  pruneopts = "UT"
  revision = "3f5f724cb5b182a5c278d6d3d55b40e7f8c2efb4"

[[projects]]
  branch = "master"
  digest = "1:eea9588ebf4cf89c7da8360e8d19627b74b78eec74df6df9e0c5defcee4f3617"
  name = "github.com/minio/sha256-simd"
  packages = ["."]
  pruneopts = "UT"
  revision = "2d45a736cd16732fe6a57563cc20d8b035193e58"

[[projects]]
  digest = "1:cf5b7fbff2c87cff6c0e11f87b30edc21abc6592e6a76f41003ca6d5a712cf48"
  name = "github.com/mr-tron/base58"
  packages = ["base58"]
  pruneopts = "UT"
  revision = "89529c6904fcd077434931b4eac8b4b2f0991baf"
  version = "v1.1.0"

[[projects]]
  digest = "1:8fd3d28201b4f8994284baf548e505a77f724afff6f7a3d5b600dacb1aedc605"
  name = "github.com/multiformats/go-multiaddr"
  packages = ["."]
  pruneopts = "UT"
  revision = "0297994296f173f2708ff1a9f9ae336af59172c5"
  version = "v0.0.1"

[[projects]]
  branch = "master"
  digest = "1:a6474fe0a1c4c95317cc7b97169152b5d54fe3c606dea247cb41e883c3394e7d"
  name = "github.com/multiformats/go-multiaddr-dns"
  packages = ["."]
  pruneopts = "UT"
  revision = "b3d6340f0777006db9e16e2817745c52fd64a500"

[[projects]]
  branch = "master"
  digest = "1:00f628c0bbe48bc8f8fa81489b89cfb28fd89116786cbaecdfbed25bac05696b"
  name = "github.com/multiformats/go-multiaddr-net"
  packages = ["."]
  pruneopts = "UT"
  revision = "c8d587e921c095d128ac4e0c0e87e54968725a4d"

[[projects]]
  branch = "master"
  digest = "1:8ab62a4f3ace23c10c311e8e5e15af671c6a1cc64b528019a033858e2c418a05"
  name = "github.com/multiformats/go-multibase"
  packages = ["."]
  pruneopts = "UT"
  revision = "f25b77813c0a9aac7c5169b9978277865da5e7c8"

[[projects]]
  digest = "1:f5768e1617d15c776111ba72645780a4f3e4395b00cd92aee08118a813681fa2"
  name = "github.com/multiformats/go-multihash"
  packages = ["."]
  pruneopts = "UT"
  revision = "6b439b7c6e3c44c112171540500be697ba235235"
  version = "v0.0.1"

[[projects]]
  branch = "master"
  digest = "1:a30e610a9844d2de97176ef613e60bc2de020201e317d57743807e0a32d0bf89"
  name = "github.com/multiformats/go-multistream"
  packages = ["."]
  pruneopts = "UT"
  revision = "0c61f185f3d6e16bcda416874e7a0fca4696e7e0"

[[projects]]
  digest = "1:450b7623b185031f3a456801155c8320209f75d0d4c4e633c6b1e59d44d6e392"
  name = "github.com/opentracing/opentracing-go"
  packages = [
    ".",
    "ext",
    "log",
  ]
  pruneopts = "UT"
  revision = "1949ddbfd147afd4d964a9f00b24eb291e0e7c38"
  version = "v1.0.2"

[[projects]]
  digest = "1:cf31692c14422fa27c83a05292eb5cbe0fb2775972e8f1f8446a71549bd8980b"
  name = "github.com/pkg/errors"
  packages = ["."]
  pruneopts = "UT"
  revision = "ba968bfe8b2f7e042a574c888954fccecfa385b4"
  version = "v0.8.1"

[[projects]]
  branch = "master"
  digest = "1:98fa13beefbf581ec173561adad6374c460631593b4bdcf03adc29cd18e5d2f5"
  name = "github.com/whyrusleeping/base32"
  packages = ["."]
  pruneopts = "UT"
  revision = "c30ac30633ccdabefe87eb12465113f06f1bab75"

[[projects]]
  branch = "master"
  digest = "1:0102dfa2f98777db8ff68c920bef1be3ff8504e90485b6cdd24d61b981b487b6"
  name = "github.com/whyrusleeping/go-logging"
  packages = ["."]
  pruneopts = "UT"
  revision = "0457bb6b88fc1973573aaf6b5145d8d3ae972390"

[[projects]]
  branch = "master"
  digest = "1:94796f9decedb46b17985693cbe996ce3642a991f0efcf7bf9a6c5197da3eefc"
  name = "github.com/whyrusleeping/go-notifier"
  packages = ["."]
  pruneopts = "UT"
  revision = "097c5d47330ff6a823f67e3515faa13566a62c6f"

[[projects]]
  digest = "1:1c5b129f012e176d9cbcb173c67fef17698a2d0a8169e94c8db9e7beeb3ef716"
  name = "github.com/whyrusleeping/go-smux-multiplex"
  packages = ["."]
  pruneopts = "UT"
  revision = "2b855d4f3a3051b0133f7783bffe06e4b7833d1e"
  version = "v3.0.16"

[[projects]]
  digest = "1:262e85ef9e2082fcb44335f6349699d61d5ac3672d24dcf3bf4cbc7377b51e96"
  name = "github.com/whyrusleeping/go-smux-multistream"
  packages = ["."]
  pruneopts = "UT"
  revision = "e799b10bc6eea2cc5ce18f7b7b4d8e1a0439476d"
  version = "v2.0.2"

[[projects]]
  digest = "1:b3205c79e29e2878a1a90216ef97575b9624ce7cffc1230392967253917ae2aa"
  name = "github.com/whyrusleeping/go-smux-yamux"
  packages = ["."]
  pruneopts = "UT"
  revision = "49458276a01f7fbc32ff62c8955fa3e852b8e772"
  version = "v2.0.8"

[[projects]]
  digest = "1:6c96967502c55c555abfe560f561a124951345e713a8e87cc6e2c214976e6e75"
  name = "github.com/whyrusleeping/mafmt"
  packages = ["."]
  pruneopts = "UT"
  revision = "7aa7fad2ede4e7157818e3e7af5061f866a9ae23"
  version = "v1.2.8"

[[projects]]
  branch = "master"
  digest = "1:94b933c1b26f1da25d25a089937d15987170a0a54109aa521a111345c3e84581"
  name = "github.com/whyrusleeping/multiaddr-filter"
  packages = ["."]
  pruneopts = "UT"
  revision = "e903e4adabd70b78bc9293b6ee4f359afb3f9f59"

[[projects]]
  digest = "1:1f186490a9ec1359604f041997996fb0caa98878bd53cdf0b89b6b6ec6803af9"
  name = "github.com/whyrusleeping/yamux"
  packages = ["."]
  pruneopts = "UT"
  revision = "5364a42fe4b5efa5967c11c8f9b0f049cac0c4a9"
  version = "v1.1.5"

[[projects]]
  branch = "master"
  digest = "1:adf5b6114dcc95d9e52684c3b9305cc02bb4bcdb48fc100e8712df718872031d"
  name = "golang.org/x/crypto"
  packages = [
    "blake2s",
    "blowfish",
    "ed25519",
    "ed25519/internal/edwards25519",
    "sha3",
  ]
  pruneopts = "UT"
  revision = "7f87c0fbb88b590338857bcb720678c2583d4dea"

[[projects]]
  branch = "master"
  digest = "1:fb8f2ad6651aa2b56ce20352cb93d744641d3fd3f47e28789244afb732dc533d"
  name = "golang.org/x/net"
  packages = [
    "context",
    "html",
    "html/atom",
    "html/charset",
  ]
  pruneopts = "UT"
  revision = "fe579d43d83210096a79b46dcca0e3721058393a"

[[projects]]
  branch = "master"
  digest = "1:bdec0cac19c2981f8962586869eab879a5abb7adde65f71715a40a66edcf37d9"
  name = "golang.org/x/sys"
  packages = [
    "cpu",
    "unix",
    "windows",
  ]
  pruneopts = "UT"
  revision = "cc5685c2db1239775905f3911f0067c0fa74762f"

[[projects]]
  digest = "1:aa4d6967a3237f8367b6bf91503964a77183ecf696f1273e8ad3551bb4412b5f"
  name = "golang.org/x/text"
  packages = [
    "encoding",
    "encoding/charmap",
    "encoding/htmlindex",
    "encoding/internal",
    "encoding/internal/identifier",
    "encoding/japanese",
    "encoding/korean",
    "encoding/simplifiedchinese",
    "encoding/traditionalchinese",
    "encoding/unicode",
    "internal/gen",
    "internal/tag",
    "internal/utf8internal",
    "language",
    "runes",
    "transform",
    "unicode/cldr",
  ]
  pruneopts = "UT"
  revision = "f21a4dfb5e38f5895301dc265a8def02365cc3d0"
  version = "v0.3.0"

[solve-meta]
  analyzer-name = "dep"
  analyzer-version = 1
  input-imports = ["github.com/libp2p/go-libp2p"]
  solver-name = "gps-cdcl"
  solver-version = 1
